{
  "object": {
    "pins": [
      {
        "package": "async-kit",
        "repositoryURL": "https://github.com/vapor/async-kit.git",
        "state": {
          "branch": null,
          "revision": "e2f741640364c1d271405da637029ea6a33f754e",
          "version": "1.11.1"
        }
      },
      {
        "package": "AsyncExtensions",
        "repositoryURL": "https://github.com/Fleuronic/AsyncExtensions",
        "state": {
          "branch": null,
          "revision": "4e5b98c9e3b6c5b3ca918577ae426e4493df3581",
          "version": "0.4.0"
        }
      },
      {
        "package": "Differ",
        "repositoryURL": "https://github.com/tonyarnold/Differ.git",
        "state": {
          "branch": null,
          "revision": "5520fda947f1f9777a806389c2ba587219bc0538",
          "version": "1.4.6"
        }
      },
      {
        "package": "Identity",
        "repositoryURL": "https://github.com/JohnSundell/Identity",
        "state": {
          "branch": null,
          "revision": "c3c9102e8d5c2cfcc44a8c7c4bbb7cf3f7c12be9",
          "version": "0.3.0"
        }
      },
      {
        "package": "PersistDB",
        "repositoryURL": "https://github.com/Fleuronic/PersistDB",
        "state": {
          "branch": "master",
          "revision": "5d8c311458c3075733c899233bc38f981e9bd2e4",
          "version": null
        }
      },
      {
        "package": "postgres-kit",
        "repositoryURL": "https://github.com/vapor/postgres-kit",
        "state": {
          "branch": null,
          "revision": "ea152d694198a7fd2b6b5b1beff0838373976006",
          "version": "2.5.1"
        }
      },
      {
        "package": "postgres-nio",
        "repositoryURL": "https://github.com/vapor/postgres-nio.git",
        "state": {
          "branch": null,
          "revision": "780a510863bfc00b2239b649df4f403080c4bc9c",
          "version": "1.7.2"
        }
      },
      {
        "package": "ReactiveCombineBridge",
        "repositoryURL": "https://github.com/simba909/ReactiveCombineBridge",
        "state": {
          "branch": "master",
          "revision": "ea2aca631cc72d4acbfacc226310e640b8b88b85",
          "version": null
        }
      },
      {
        "package": "ReactiveSwift",
        "repositoryURL": "https://github.com/ReactiveCocoa/ReactiveSwift",
        "state": {
          "branch": null,
          "revision": "c43bae3dac73fdd3cb906bd5a1914686ca71ed3c",
          "version": "6.7.0"
        }
      },
      {
        "package": "Schemata",
        "repositoryURL": "https://github.com/Fleuronic/Schemata.git",
        "state": {
          "branch": "master",
          "revision": "1166eb03004a79aa543244fb39dea7b82b36e17a",
          "version": null
        }
      },
      {
        "package": "sql-kit",
        "repositoryURL": "https://github.com/vapor/sql-kit.git",
        "state": {
          "branch": null,
          "revision": "9cc30f8cef132e91a07e36005612b37f918731fc",
          "version": "3.16.0"
        }
      },
      {
        "package": "swift-crypto",
        "repositoryURL": "https://github.com/apple/swift-crypto.git",
        "state": {
          "branch": null,
          "revision": "a8911e0fadc25aef1071d582355bd1037a176060",
          "version": "2.0.4"
        }
      },
      {
        "package": "swift-log",
        "repositoryURL": "https://github.com/apple/swift-log.git",
        "state": {
          "branch": null,
          "revision": "5d66f7ba25daf4f94100e7022febf3c75e37a6c7",
          "version": "1.4.2"
        }
      },
      {
        "package": "swift-metrics",
        "repositoryURL": "https://github.com/apple/swift-metrics.git",
        "state": {
          "branch": null,
          "revision": "3edd2f57afc4e68e23c3e4956bc8b65ca6b5b2ff",
          "version": "2.2.0"
        }
      },
      {
        "package": "swift-nio",
        "repositoryURL": "https://github.com/apple/swift-nio.git",
        "state": {
          "branch": null,
          "revision": "154f1d32366449dcccf6375a173adf4ed2a74429",
          "version": "2.38.0"
        }
      },
      {
        "package": "swift-nio-ssl",
        "repositoryURL": "https://github.com/apple/swift-nio-ssl.git",
        "state": {
          "branch": null,
          "revision": "52a486ff6de9bc3e26bf634c5413c41c5fa89ca5",
          "version": "2.17.2"
        }
      }
    ]
  },
  "version": 1
}
