{
  "pins" : [
    {
      "identity" : "catena",
      "kind" : "remoteSourceControl",
      "location" : "https://github.com/Fleuronic/Catena",
      "state" : {
        "branch" : "main",
        "revision" : "ea5588aa4f8ceb04c5b95c2aea0aaacedc9a6e39"
      }
    },
    {
      "identity" : "identity",
      "kind" : "remoteSourceControl",
      "location" : "https://github.com/Fleuronic/Identity",
      "state" : {
        "branch" : "master",
        "revision" : "511c8584d7c0bed3da607156a4d643fd44ca4368"
      }
    }
  ],
  "version" : 2
}
